
Microsoft Visual Studio Solution File, Format Version 12.00
# Visual Studio Version 16
VisualStudioVersion = 16.0.29009.5
MinimumVisualStudioVersion = 10.0.40219.1
Project("{FAE04EC0-301F-11D3-BF4B-00C04F79EFBC}") = "CoreTemplate", "CoreTemplate\CoreTemplate.csproj", "{D5F6C07D-381E-4196-BF1A-98205F24BD4F}"
EndProject
Project("{FAE04EC0-301F-11D3-BF4B-00C04F79EFBC}") = "CoreTemplate.Application", "CoreTemplate.Application\CoreTemplate.Application.csproj", "{DD472CF0-E14C-4E04-B397-B690A661F6F1}"
EndProject
Project("{FAE04EC0-301F-11D3-BF4B-00C04F79EFBC}") = "CoreTemplate.Domain", "CoreTemplate.Domain\CoreTemplate.Domain.csproj", "{B630534F-6285-4A2D-9507-7129DAD6DF8C}"
EndProject
Project("{FAE04EC0-301F-11D3-BF4B-00C04F79EFBC}") = "CoreTemplate.EntityFrameworkCore", "CoreTemplate.EntityFrameworkCore\CoreTemplate.EntityFrameworkCore.csproj", "{FAD62DA3-543D-42FF-A12C-DBE0BFA667BF}"
EndProject
Global
	GlobalSection(SolutionConfigurationPlatforms) = preSolution
		Debug|Any CPU = Debug|Any CPU
		Release|Any CPU = Release|Any CPU
	EndGlobalSection
	GlobalSection(ProjectConfigurationPlatforms) = postSolution
		{D5F6C07D-381E-4196-BF1A-98205F24BD4F}.Debug|Any CPU.ActiveCfg = Debug|Any CPU
		{D5F6C07D-381E-4196-BF1A-98205F24BD4F}.Debug|Any CPU.Build.0 = Debug|Any CPU
		{D5F6C07D-381E-4196-BF1A-98205F24BD4F}.Release|Any CPU.ActiveCfg = Release|Any CPU
		{D5F6C07D-381E-4196-BF1A-98205F24BD4F}.Release|Any CPU.Build.0 = Release|Any CPU
		{DD472CF0-E14C-4E04-B397-B690A661F6F1}.Debug|Any CPU.ActiveCfg = Debug|Any CPU
		{DD472CF0-E14C-4E04-B397-B690A661F6F1}.Debug|Any CPU.Build.0 = Debug|Any CPU
		{DD472CF0-E14C-4E04-B397-B690A661F6F1}.Release|Any CPU.ActiveCfg = Release|Any CPU
		{DD472CF0-E14C-4E04-B397-B690A661F6F1}.Release|Any CPU.Build.0 = Release|Any CPU
		{B630534F-6285-4A2D-9507-7129DAD6DF8C}.Debug|Any CPU.ActiveCfg = Debug|Any CPU
		{B630534F-6285-4A2D-9507-7129DAD6DF8C}.Debug|Any CPU.Build.0 = Debug|Any CPU
		{B630534F-6285-4A2D-9507-7129DAD6DF8C}.Release|Any CPU.ActiveCfg = Release|Any CPU
		{B630534F-6285-4A2D-9507-7129DAD6DF8C}.Release|Any CPU.Build.0 = Release|Any CPU
		{FAD62DA3-543D-42FF-A12C-DBE0BFA667BF}.Debug|Any CPU.ActiveCfg = Debug|Any CPU
		{FAD62DA3-543D-42FF-A12C-DBE0BFA667BF}.Debug|Any CPU.Build.0 = Debug|Any CPU
		{FAD62DA3-543D-42FF-A12C-DBE0BFA667BF}.Release|Any CPU.ActiveCfg = Release|Any CPU
		{FAD62DA3-543D-42FF-A12C-DBE0BFA667BF}.Release|Any CPU.Build.0 = Release|Any CPU
	EndGlobalSection
	GlobalSection(SolutionProperties) = preSolution
		HideSolutionNode = FALSE
	EndGlobalSection
	GlobalSection(ExtensibilityGlobals) = postSolution
		SolutionGuid = {D0FF31BD-366F-474C-AFE2-ABECEBD97F44}
	EndGlobalSection
EndGlobal
